
Microsoft Visual Studio Solution File, Format Version 12.00
# Visual Studio 15
Project("{FAE04EC0-301F-11D3-BF4B-00C04F79EFBC}") = "NavMeshComponents", "NavMeshComponents.csproj", "{1C070A7F-FB6A-F87B-F4F8-80577DC1403A}"
EndProject
Project("{FAE04EC0-301F-11D3-BF4B-00C04F79EFBC}") = "Assembly-CSharp", "Assembly-CSharp.csproj", "{210AFFBB-9136-FDF7-59ED-C02FCF33EBC7}"
EndProject
Project("{FAE04EC0-301F-11D3-BF4B-00C04F79EFBC}") = "NavMeshComponentsEditor", "NavMeshComponentsEditor.csproj", "{9AAC1346-5050-D09D-5FC0-188CC895E506}"
EndProject
Global
	GlobalSection(SolutionConfigurationPlatforms) = preSolution
		Debug|Any CPU = Debug|Any CPU
		Release|Any CPU = Release|Any CPU
	EndGlobalSection
	GlobalSection(ProjectConfigurationPlatforms) = postSolution
		{1C070A7F-FB6A-F87B-F4F8-80577DC1403A}.Debug|Any CPU.ActiveCfg = Debug|Any CPU
		{1C070A7F-FB6A-F87B-F4F8-80577DC1403A}.Debug|Any CPU.Build.0 = Debug|Any CPU
		{1C070A7F-FB6A-F87B-F4F8-80577DC1403A}.Release|Any CPU.ActiveCfg = Release|Any CPU
		{1C070A7F-FB6A-F87B-F4F8-80577DC1403A}.Release|Any CPU.Build.0 = Release|Any CPU
		{210AFFBB-9136-FDF7-59ED-C02FCF33EBC7}.Debug|Any CPU.ActiveCfg = Debug|Any CPU
		{210AFFBB-9136-FDF7-59ED-C02FCF33EBC7}.Debug|Any CPU.Build.0 = Debug|Any CPU
		{210AFFBB-9136-FDF7-59ED-C02FCF33EBC7}.Release|Any CPU.ActiveCfg = Release|Any CPU
		{210AFFBB-9136-FDF7-59ED-C02FCF33EBC7}.Release|Any CPU.Build.0 = Release|Any CPU
		{9AAC1346-5050-D09D-5FC0-188CC895E506}.Debug|Any CPU.ActiveCfg = Debug|Any CPU
		{9AAC1346-5050-D09D-5FC0-188CC895E506}.Debug|Any CPU.Build.0 = Debug|Any CPU
		{9AAC1346-5050-D09D-5FC0-188CC895E506}.Release|Any CPU.ActiveCfg = Release|Any CPU
		{9AAC1346-5050-D09D-5FC0-188CC895E506}.Release|Any CPU.Build.0 = Release|Any CPU
	EndGlobalSection
	GlobalSection(SolutionProperties) = preSolution
		HideSolutionNode = FALSE
	EndGlobalSection
EndGlobal
